github.com/gorilla/mux v1.8.1 h1:TuBL49tXwgrFYWhqrNgrUNEY92u81SPhu7sTdzQEiWY=
github.com/gorilla/mux v1.8.1/go.mod h1:AKf9I4AEqPTmMytcMc0KkNouC66V3BtZ4qD5fmWSiMQ=
github.com/joho/godotenv v1.5.1 h1:7eLL/+HRGLY0ldzfGMeQkb7vMd0as4CfYvUVzLqw0N0=
github.com/joho/godotenv v1.5.1/go.mod h1:f4LDr5Voq0i2e/R5DDNOoa2zzDfwtkZa6DnEwAbqwq4=
github.com/mattn/go-sqlite3 v1.14.24 h1:tpSp2G2KyMnnQu99ngJ47EIkWVmliIizyZBfPrBWDRM=
github.com/mattn/go-sqlite3 v1.14.24/go.mod h1:Uh1q+B4BYcTPb+yiD3kU8Ct7aC0hY9fxUwlHK0RXw+Y=
github.com/panjf2000/ants/v2 v2.11.0 h1:sHrqEwTBQTQ2w6PMvbMfvBtVUuhsaYPzUmAYDLYmJPg=
github.com/panjf2000/ants/v2 v2.11.0/go.mod h1:V9HhTupTWxcaRmIglJvGwvzqXUTnIZW9uO6q4hAfApw=
github.com/rs/dnscache v0.0.0-20230804202142-fc85eb664529 h1:18kd+8ZUlt/ARXhljq+14TwAoKa61q6dX8jtwOf6DH8=
github.com/rs/dnscache v0.0.0-20230804202142-fc85eb664529/go.mod h1:qe5TWALJ8/a1Lqznoc5BDHpYX/8HU60Hm2AwRmqzxqA=
golang.org/x/sync v0.0.0-20190423024810-112230192c58/go.mod h1:RxMgew5VJxzue5/jJTE5uejpjVlOe/izrB70Jof72aM=
golang.org/x/sync v0.3.0 h1:ftCYgMx6zT/asHUrPw8BLLscYtGznsLAnjq5RH9P66E=
golang.org/x/sync v0.3.0/go.mod h1:FU7BRWz2tNW+3quACPkgCx/L+uEAv1htQ0V83Z9Rj+Y=
